{
  "name": "getion-policlinique",
  "version": "1.0.0",
  "lockfileVersion": 2,
  "requires": true,
  "packages": {
    "": {
      "version": "1.0.0",
      "license": "MIT",
      "dependencies": {
        "mongoose-date-format": "^1.2.0"
      }
    },
    "node_modules/lodash": {
      "version": "4.17.21",
      "resolved": "https://registry.npmjs.org/lodash/-/lodash-4.17.21.tgz",
      "integrity": "sha512-v2kDEe57lecTulaDIuNTPy3Ry4gLGJ6Z1O3vE1krgXZNrsQ+LFTGHVxVjcXPs17LhbZVGedAJv8XZ1tvj5FvSg=="
    },
    "node_modules/moment": {
      "version": "2.29.1",
      "resolved": "https://registry.npmjs.org/moment/-/moment-2.29.1.tgz",
      "integrity": "sha512-kHmoybcPV8Sqy59DwNDY3Jefr64lK/by/da0ViFcuA4DH0vQg5Q6Ze5VimxkfQNSC+Mls/Kx53s7TjP1RhFEDQ==",
      "engines": {
        "node": "*"
      }
    },
    "node_modules/mongoose-date-format": {
      "version": "1.2.0",
      "resolved": "https://registry.npmjs.org/mongoose-date-format/-/mongoose-date-format-1.2.0.tgz",
      "integrity": "sha512-uK4OHS3H08N6LAgyVdqadgpEHvUGd9rtYDLz2emWA/WlzF5eGfXYXGAJCtHqV3c+30+buU37SMFr9fEOHyJrwg==",
      "dependencies": {
        "lodash": "^4.17.10",
        "moment": "^2.22.2"
      }
    }
  },
  "dependencies": {
    "lodash": {
      "version": "4.17.21",
      "resolved": "https://registry.npmjs.org/lodash/-/lodash-4.17.21.tgz",
      "integrity": "sha512-v2kDEe57lecTulaDIuNTPy3Ry4gLGJ6Z1O3vE1krgXZNrsQ+LFTGHVxVjcXPs17LhbZVGedAJv8XZ1tvj5FvSg=="
    },
    "moment": {
      "version": "2.29.1",
      "resolved": "https://registry.npmjs.org/moment/-/moment-2.29.1.tgz",
      "integrity": "sha512-kHmoybcPV8Sqy59DwNDY3Jefr64lK/by/da0ViFcuA4DH0vQg5Q6Ze5VimxkfQNSC+Mls/Kx53s7TjP1RhFEDQ=="
    },
    "mongoose-date-format": {
      "version": "1.2.0",
      "resolved": "https://registry.npmjs.org/mongoose-date-format/-/mongoose-date-format-1.2.0.tgz",
      "integrity": "sha512-uK4OHS3H08N6LAgyVdqadgpEHvUGd9rtYDLz2emWA/WlzF5eGfXYXGAJCtHqV3c+30+buU37SMFr9fEOHyJrwg==",
      "requires": {
        "lodash": "^4.17.10",
        "moment": "^2.22.2"
      }
    }
  }
}
